
Microsoft Visual Studio Solution File, Format Version 12.00
# Visual Studio Version 17
VisualStudioVersion = 17.9.34622.214
MinimumVisualStudioVersion = 10.0.40219.1
Project("{FAE04EC0-301F-11D3-BF4B-00C04F79EFBC}") = "JWTBearer", "JWTBearer\JWTBearer.csproj", "{03795B65-E79F-4091-8DD7-35ED6238ADCC}"
EndProject
Global
	GlobalSection(SolutionConfigurationPlatforms) = preSolution
		Debug|Any CPU = Debug|Any CPU
		Release|Any CPU = Release|Any CPU
	EndGlobalSection
	GlobalSection(ProjectConfigurationPlatforms) = postSolution
		{03795B65-E79F-4091-8DD7-35ED6238ADCC}.Debug|Any CPU.ActiveCfg = Debug|Any CPU
		{03795B65-E79F-4091-8DD7-35ED6238ADCC}.Debug|Any CPU.Build.0 = Debug|Any CPU
		{03795B65-E79F-4091-8DD7-35ED6238ADCC}.Release|Any CPU.ActiveCfg = Release|Any CPU
		{03795B65-E79F-4091-8DD7-35ED6238ADCC}.Release|Any CPU.Build.0 = Release|Any CPU
	EndGlobalSection
	GlobalSection(SolutionProperties) = preSolution
		HideSolutionNode = FALSE
	EndGlobalSection
	GlobalSection(ExtensibilityGlobals) = postSolution
		SolutionGuid = {67DA749C-F876-434C-B404-0BD7F4AD4637}
	EndGlobalSection
EndGlobal
